<?xml version="1.0" encoding="utf-8"?>
<Project ToolsVersion="4.0" xmlns="http://schemas.microsoft.com/developer/msbuild/2003">
  <ItemGroup>
    <Filter Include="DataTypes">
      <UniqueIdentifier>{c997c762-336a-4031-a74c-253a3f1eaf8e}</UniqueIdentifier>
    </Filter>
    <Filter Include="Engine">
      <UniqueIdentifier>{ac6196b5-e229-4146-aa2a-8214ae3e0322}</UniqueIdentifier>
    </Filter>
    <Filter Include="Vulkan">
      <UniqueIdentifier>{193d03a9-2dc9-4f28-abc5-9c76fa632b6b}</UniqueIdentifier>
    </Filter>
    <Filter Include="Managers">
      <UniqueIdentifier>{0fa0480e-3f7e-4a9d-bca6-7381d4317af1}</UniqueIdentifier>
    </Filter>
    <Filter Include="BaseClasses">
      <UniqueIdentifier>{3913a5b3-5970-4a3f-936e-2a32b890ca10}</UniqueIdentifier>
    </Filter>
    <Filter Include="Components">
      <UniqueIdentifier>{1027178c-6040-424f-a939-0e54819faae7}</UniqueIdentifier>
    </Filter>
    <Filter Include="Utils">
      <UniqueIdentifier>{3a27e938-8684-4cce-9d9b-0ff2ee97ab3a}</UniqueIdentifier>
    </Filter>
    <Filter Include="Includes">
      <UniqueIdentifier>{31738de7-b55d-46d5-a4af-b6c1bb6e19ec}</UniqueIdentifier>
    </Filter>
    <Filter Include="3rd party">
      <UniqueIdentifier>{409106dc-a3bb-4ce5-be8e-b39cf5a085ad}</UniqueIdentifier>
    </Filter>
    <Filter Include="3rd party\ImGui">
      <UniqueIdentifier>{3276e79c-6824-40a7-b205-38cd5d4a5051}</UniqueIdentifier>
    </Filter>
    <Filter Include="3rd party\ImGui\Backends">
      <UniqueIdentifier>{8a35fcdf-eb2d-4a79-9dca-1e06da4fce5e}</UniqueIdentifier>
    </Filter>
    <Filter Include="3rd party\spirV-reflect">
      <UniqueIdentifier>{c0fc4b6f-bad2-437d-a741-ffca980a31c2}</UniqueIdentifier>
    </Filter>
    <Filter Include="Vulkan\Wrappers">
      <UniqueIdentifier>{32e5ccdf-0273-42b9-8a06-8c43f24915da}</UniqueIdentifier>
    </Filter>
    <Filter Include="Vulkan\Managers">
      <UniqueIdentifier>{43142d4a-fc5b-4a38-b4ab-1268a35edd92}</UniqueIdentifier>
    </Filter>
    <Filter Include="DataTypes\DescriptorObjects">
      <UniqueIdentifier>{44015c14-dbb4-4c84-886f-f503ba33a719}</UniqueIdentifier>
    </Filter>
    <Filter Include="DataTypes\Materials">
      <UniqueIdentifier>{d81c4d1d-a64e-405f-a363-0d5f9b09b0e4}</UniqueIdentifier>
    </Filter>
    <Filter Include="Engine\ServiceLocator">
      <UniqueIdentifier>{4695caa6-1cbf-410f-8ed8-ccd54f910408}</UniqueIdentifier>
    </Filter>
    <Filter Include="Engine\ServiceLocator\ModelLoader">
      <UniqueIdentifier>{00c4ea48-fde8-401e-8074-a6f5110fbd76}</UniqueIdentifier>
    </Filter>
  </ItemGroup>
  <ItemGroup>
    <ClCompile Include="..\3rdParty\Imgui\imgui.cpp">
      <Filter>3rd party\ImGui</Filter>
    </ClCompile>
    <ClCompile Include="..\3rdParty\Imgui\imgui_demo.cpp">
      <Filter>3rd party\ImGui</Filter>
    </ClCompile>
    <ClCompile Include="..\3rdParty\Imgui\imgui_draw.cpp">
      <Filter>3rd party\ImGui</Filter>
    </ClCompile>
    <ClCompile Include="..\3rdParty\Imgui\imgui_tables.cpp">
      <Filter>3rd party\ImGui</Filter>
    </ClCompile>
    <ClCompile Include="..\3rdParty\Imgui\imgui_widgets.cpp">
      <Filter>3rd party\ImGui</Filter>
    </ClCompile>
    <ClCompile Include="..\3rdParty\Imgui\backends\imgui_impl_glfw.cpp">
      <Filter>3rd party\ImGui\Backends</Filter>
    </ClCompile>
    <ClCompile Include="..\3rdParty\Imgui\backends\imgui_impl_vulkan.cpp">
      <Filter>3rd party\ImGui\Backends</Filter>
    </ClCompile>
    <ClCompile Include="spirv_reflect.cpp">
      <Filter>3rd party\spirV-reflect</Filter>
    </ClCompile>
    <ClCompile Include="spirv_reflect.c">
      <Filter>3rd party\spirV-reflect</Filter>
    </ClCompile>
    <ClCompile Include="BaseClasses\GameObject.cpp">
      <Filter>BaseClasses</Filter>
    </ClCompile>
    <ClCompile Include="Components\CameraComponent.cpp">
      <Filter>Components</Filter>
    </ClCompile>
    <ClCompile Include="Components\DirectionalLightComponent.cpp">
      <Filter>Components</Filter>
    </ClCompile>
    <ClCompile Include="Components\MeshRenderComponent.cpp">
      <Filter>Components</Filter>
    </ClCompile>
    <ClCompile Include="Components\RotatorComponent.cpp">
      <Filter>Components</Filter>
    </ClCompile>
    <ClCompile Include="Components\SkyBoxComponent.cpp">
      <Filter>Components</Filter>
    </ClCompile>
    <ClCompile Include="Components\SpectatorMovementComponent.cpp">
      <Filter>Components</Filter>
    </ClCompile>
    <ClCompile Include="Components\TransformComponent.cpp">
      <Filter>Components</Filter>
    </ClCompile>
    <ClCompile Include="DataTypes\Mesh.cpp">
      <Filter>DataTypes</Filter>
    </ClCompile>
    <ClCompile Include="DataTypes\Materials\Material.cpp">
      <Filter>DataTypes\Materials</Filter>
    </ClCompile>
    <ClCompile Include="DataTypes\Materials\TexturedMaterial.cpp">
      <Filter>DataTypes\Materials</Filter>
    </ClCompile>
    <ClCompile Include="DataTypes\Materials\CubeMapMaterial.cpp">
      <Filter>DataTypes\Materials</Filter>
    </ClCompile>
    <ClCompile Include="DataTypes\DescriptorObjects\TextureDescriptorObject.cpp">
      <Filter>DataTypes\DescriptorObjects</Filter>
    </ClCompile>
    <ClCompile Include="Includes\STBIncludes.cpp">
      <Filter>Includes</Filter>
    </ClCompile>
    <ClCompile Include="Includes\TinyObjLoaderIncludes.cpp">
      <Filter>Includes</Filter>
    </ClCompile>
    <ClCompile Include="Managers\ConfigManager.cpp">
      <Filter>Managers</Filter>
    </ClCompile>
    <ClCompile Include="Managers\SceneManager.cpp">
      <Filter>Managers</Filter>
    </ClCompile>
    <ClCompile Include="Managers\TimeManager.cpp">
      <Filter>Managers</Filter>
    </ClCompile>
    <ClCompile Include="Utils\Utils.cpp">
      <Filter>Utils</Filter>
    </ClCompile>
    <ClCompile Include="Engine\ServiceLocator\ModelLoader\D3DModelLoader.cpp">
      <Filter>Engine\ServiceLocator\ModelLoader</Filter>
    </ClCompile>
    <ClCompile Include="Engine\ServiceLocator\ServiceLocator.cpp">
      <Filter>Engine\ServiceLocator</Filter>
    </ClCompile>
    <ClCompile Include="Engine\D3DEngine.cpp">
      <Filter>Engine</Filter>
    </ClCompile>
    <ClCompile Include="Engine\main.cpp">
      <Filter>Engine</Filter>
    </ClCompile>
    <ClCompile Include="Engine\Scene.cpp">
      <Filter>Engine</Filter>
    </ClCompile>
    <ClCompile Include="Engine\Window.cpp">
      <Filter>Engine</Filter>
    </ClCompile>
    <ClCompile Include="Vulkan\VulkanManagers\BufferManager.cpp">
      <Filter>Vulkan\Managers</Filter>
    </ClCompile>
    <ClCompile Include="Vulkan\VulkanManagers\CommandpoolManager.cpp">
      <Filter>Vulkan\Managers</Filter>
    </ClCompile>
    <ClCompile Include="Vulkan\VulkanManagers\ImageManager.cpp">
      <Filter>Vulkan\Managers</Filter>
    </ClCompile>
    <ClCompile Include="Vulkan\VulkanManagers\ImageViewManager.cpp">
      <Filter>Vulkan\Managers</Filter>
    </ClCompile>
    <ClCompile Include="Vulkan\VulkanManagers\PipelineManager.cpp">
      <Filter>Vulkan\Managers</Filter>
    </ClCompile>
    <ClCompile Include="Vulkan\VulkanManagers\SyncObjectManager.cpp">
      <Filter>Vulkan\Managers</Filter>
    </ClCompile>
    <ClCompile Include="Vulkan\VulkanWrappers\DescriptorPoolWrapper.cpp">
      <Filter>Vulkan\Wrappers</Filter>
    </ClCompile>
    <ClCompile Include="Vulkan\VulkanWrappers\GPUObject.cpp">
      <Filter>Vulkan\Wrappers</Filter>
    </ClCompile>
    <ClCompile Include="Vulkan\VulkanWrappers\ImGuiWrapper.cpp">
      <Filter>Vulkan\Wrappers</Filter>
    </ClCompile>
    <ClCompile Include="Vulkan\VulkanWrappers\InstanceWrapper.cpp">
      <Filter>Vulkan\Wrappers</Filter>
    </ClCompile>
    <ClCompile Include="Vulkan\VulkanWrappers\PipelineWrapper.cpp">
      <Filter>Vulkan\Wrappers</Filter>
    </ClCompile>
    <ClCompile Include="Vulkan\VulkanWrappers\RenderpassWrapper.cpp">
      <Filter>Vulkan\Wrappers</Filter>
    </ClCompile>
    <ClCompile Include="Vulkan\VulkanWrappers\ShaderModuleWrapper.cpp">
      <Filter>Vulkan\Wrappers</Filter>
    </ClCompile>
    <ClCompile Include="Vulkan\VulkanWrappers\SurfaceWrapper.cpp">
      <Filter>Vulkan\Wrappers</Filter>
    </ClCompile>
    <ClCompile Include="Vulkan\VulkanWrappers\SwapchainWrapper.cpp">
      <Filter>Vulkan\Wrappers</Filter>
    </ClCompile>
    <ClCompile Include="Vulkan\VulkanRenderer.cpp">
      <Filter>Vulkan</Filter>
    </ClCompile>
    <ClCompile Include="Vulkan\VulkanUtils.cpp">
      <Filter>Vulkan</Filter>
    </ClCompile>
  </ItemGroup>
  <ItemGroup>
    <ClInclude Include="..\3rdParty\Imgui\imconfig.h">
      <Filter>3rd party\ImGui</Filter>
    </ClInclude>
    <ClInclude Include="..\3rdParty\Imgui\imgui.h">
      <Filter>3rd party\ImGui</Filter>
    </ClInclude>
    <ClInclude Include="..\3rdParty\Imgui\imgui_internal.h">
      <Filter>3rd party\ImGui</Filter>
    </ClInclude>
    <ClInclude Include="..\3rdParty\Imgui\imstb_rectpack.h">
      <Filter>3rd party\ImGui</Filter>
    </ClInclude>
    <ClInclude Include="..\3rdParty\Imgui\imstb_textedit.h">
      <Filter>3rd party\ImGui</Filter>
    </ClInclude>
    <ClInclude Include="..\3rdParty\Imgui\imstb_truetype.h">
      <Filter>3rd party\ImGui</Filter>
    </ClInclude>
    <ClInclude Include="..\3rdParty\Imgui\backends\imgui_impl_glfw.h">
      <Filter>3rd party\ImGui\Backends</Filter>
    </ClInclude>
    <ClInclude Include="..\3rdParty\Imgui\backends\imgui_impl_vulkan.h">
      <Filter>3rd party\ImGui\Backends</Filter>
    </ClInclude>
    <ClInclude Include="spirv_reflect.h">
      <Filter>3rd party\spirV-reflect</Filter>
    </ClInclude>
    <ClInclude Include="BaseClasses\Component.h">
      <Filter>BaseClasses</Filter>
    </ClInclude>
    <ClInclude Include="BaseClasses\GameObject.h">
      <Filter>BaseClasses</Filter>
    </ClInclude>
    <ClInclude Include="Components\CameraComponent.h">
      <Filter>Components</Filter>
    </ClInclude>
    <ClInclude Include="Components\DirectionalLightComponent.h">
      <Filter>Components</Filter>
    </ClInclude>
    <ClInclude Include="Components\MeshRenderComponent.h">
      <Filter>Components</Filter>
    </ClInclude>
    <ClInclude Include="Components\RotatorComponent.h">
      <Filter>Components</Filter>
    </ClInclude>
    <ClInclude Include="Components\SkyBoxComponent.h">
      <Filter>Components</Filter>
    </ClInclude>
    <ClInclude Include="Components\SpectatorMovementComponent.h">
      <Filter>Components</Filter>
    </ClInclude>
    <ClInclude Include="Components\TransformComponent.h">
      <Filter>Components</Filter>
    </ClInclude>
    <ClInclude Include="DataTypes\Structs.h">
      <Filter>DataTypes</Filter>
    </ClInclude>
    <ClInclude Include="DataTypes\Mesh.h">
      <Filter>DataTypes</Filter>
    </ClInclude>
    <ClInclude Include="DataTypes\Materials\Material.h">
      <Filter>DataTypes\Materials</Filter>
    </ClInclude>
    <ClInclude Include="DataTypes\Materials\TexturedMaterial.h">
      <Filter>DataTypes\Materials</Filter>
    </ClInclude>
    <ClInclude Include="DataTypes\Materials\CubeMapMaterial.h">
      <Filter>DataTypes\Materials</Filter>
    </ClInclude>
    <ClInclude Include="DataTypes\DescriptorObjects\TextureDescriptorObject.h">
      <Filter>DataTypes\DescriptorObjects</Filter>
    </ClInclude>
    <ClInclude Include="DataTypes\DescriptorObjects\UboDescriptorObject.h">
      <Filter>DataTypes\DescriptorObjects</Filter>
    </ClInclude>
    <ClInclude Include="DataTypes\DescriptorObjects\DescriptorObject.h">
      <Filter>DataTypes\DescriptorObjects</Filter>
    </ClInclude>
    <ClInclude Include="Includes\GLFWIncludes.h">
      <Filter>Includes</Filter>
    </ClInclude>
    <ClInclude Include="Includes\GLMIncludes.h">
      <Filter>Includes</Filter>
    </ClInclude>
    <ClInclude Include="Includes\ImGuiIncludes.h">
      <Filter>Includes</Filter>
    </ClInclude>
    <ClInclude Include="Includes\RapidJSONIncludes.h">
      <Filter>Includes</Filter>
    </ClInclude>
    <ClInclude Include="Includes\STBIncludes.h">
      <Filter>Includes</Filter>
    </ClInclude>
    <ClInclude Include="Includes\TinyObjLoaderIncludes.h">
      <Filter>Includes</Filter>
    </ClInclude>
    <ClInclude Include="Includes\VulkanIncludes.h">
      <Filter>Includes</Filter>
    </ClInclude>
    <ClInclude Include="Managers\TimeManager.h">
      <Filter>Managers</Filter>
    </ClInclude>
    <ClInclude Include="Managers\ConfigManager.h">
      <Filter>Managers</Filter>
    </ClInclude>
    <ClInclude Include="Managers\SceneManager.h">
      <Filter>Managers</Filter>
    </ClInclude>
    <ClInclude Include="Utils\Utils.h">
      <Filter>Utils</Filter>
    </ClInclude>
    <ClInclude Include="Engine\ServiceLocator\ModelLoader\D3DModelLoader.h">
      <Filter>Engine\ServiceLocator\ModelLoader</Filter>
    </ClInclude>
    <ClInclude Include="Engine\ServiceLocator\ModelLoader\ModelLoader.h">
      <Filter>Engine\ServiceLocator\ModelLoader</Filter>
    </ClInclude>
    <ClInclude Include="Engine\ServiceLocator\ServiceLocator.h">
      <Filter>Engine\ServiceLocator</Filter>
    </ClInclude>
    <ClInclude Include="Engine\D3DEngine.h">
      <Filter>Engine</Filter>
    </ClInclude>
    <ClInclude Include="Engine\Scene.h">
      <Filter>Engine</Filter>
    </ClInclude>
    <ClInclude Include="Engine\Singleton.h">
      <Filter>Engine</Filter>
    </ClInclude>
    <ClInclude Include="Engine\Window.h">
      <Filter>Engine</Filter>
    </ClInclude>
    <ClInclude Include="Vulkan\VulkanManagers\BufferManager.h">
      <Filter>Vulkan\Managers</Filter>
    </ClInclude>
    <ClInclude Include="Vulkan\VulkanManagers\CommandpoolManager.h">
      <Filter>Vulkan\Managers</Filter>
    </ClInclude>
    <ClInclude Include="Vulkan\VulkanManagers\ImageManager.h">
      <Filter>Vulkan\Managers</Filter>
    </ClInclude>
    <ClInclude Include="Vulkan\VulkanManagers\ImageViewManager.h">
      <Filter>Vulkan\Managers</Filter>
    </ClInclude>
    <ClInclude Include="Vulkan\VulkanManagers\PipelineManager.h">
      <Filter>Vulkan\Managers</Filter>
    </ClInclude>
    <ClInclude Include="Vulkan\VulkanManagers\SyncObjectManager.h">
      <Filter>Vulkan\Managers</Filter>
    </ClInclude>
    <ClInclude Include="Vulkan\VulkanWrappers\SwapchainWrapper.h">
      <Filter>Vulkan\Wrappers</Filter>
    </ClInclude>
    <ClInclude Include="Vulkan\VulkanWrappers\DescriptorPoolWrapper.h">
      <Filter>Vulkan\Wrappers</Filter>
    </ClInclude>
    <ClInclude Include="Vulkan\VulkanWrappers\GPUObject.h">
      <Filter>Vulkan\Wrappers</Filter>
    </ClInclude>
    <ClInclude Include="Vulkan\VulkanWrappers\ImGuiWrapper.h">
      <Filter>Vulkan\Wrappers</Filter>
    </ClInclude>
    <ClInclude Include="Vulkan\VulkanWrappers\InstanceWrapper.h">
      <Filter>Vulkan\Wrappers</Filter>
    </ClInclude>
    <ClInclude Include="Vulkan\VulkanWrappers\PipelineWrapper.h">
      <Filter>Vulkan\Wrappers</Filter>
    </ClInclude>
    <ClInclude Include="Vulkan\VulkanWrappers\RenderpassWrapper.h">
      <Filter>Vulkan\Wrappers</Filter>
    </ClInclude>
    <ClInclude Include="Vulkan\VulkanWrappers\ShaderModuleWrapper.h">
      <Filter>Vulkan\Wrappers</Filter>
    </ClInclude>
    <ClInclude Include="Vulkan\VulkanWrappers\SurfaceWrapper.h">
      <Filter>Vulkan\Wrappers</Filter>
    </ClInclude>
    <ClInclude Include="Vulkan\VulkanRenderer.h">
      <Filter>Vulkan</Filter>
    </ClInclude>
    <ClInclude Include="Vulkan\VulkanUtils.h">
      <Filter>Vulkan</Filter>
    </ClInclude>
  </ItemGroup>
</Project>